
Microsoft Visual Studio Solution File, Format Version 12.00
# Visual Studio Version 17
VisualStudioVersion = 17.14.36127.28
MinimumVisualStudioVersion = 10.0.40219.1
Project("{FAE04EC0-301F-11D3-BF4B-00C04F79EFBC}") = "Python2CSharp", "HelloWorld\Python2CSharp.csproj", "{F01550C2-190C-4F50-AD42-A69B4E58B70A}"
EndProject
Global
	GlobalSection(SolutionConfigurationPlatforms) = preSolution
		Debug|Any CPU = Debug|Any CPU
		Release|Any CPU = Release|Any CPU
	EndGlobalSection
	GlobalSection(ProjectConfigurationPlatforms) = postSolution
		{F01550C2-190C-4F50-AD42-A69B4E58B70A}.Debug|Any CPU.ActiveCfg = Debug|Any CPU
		{F01550C2-190C-4F50-AD42-A69B4E58B70A}.Debug|Any CPU.Build.0 = Debug|Any CPU
		{F01550C2-190C-4F50-AD42-A69B4E58B70A}.Release|Any CPU.ActiveCfg = Release|Any CPU
		{F01550C2-190C-4F50-AD42-A69B4E58B70A}.Release|Any CPU.Build.0 = Release|Any CPU
	EndGlobalSection
	GlobalSection(SolutionProperties) = preSolution
		HideSolutionNode = FALSE
	EndGlobalSection
	GlobalSection(ExtensibilityGlobals) = postSolution
		SolutionGuid = {5AD8D23D-69BA-4894-83C4-6A98926F1A2C}
	EndGlobalSection
EndGlobal
